
Microsoft Visual Studio Solution File, Format Version 12.00
# Visual Studio 15
VisualStudioVersion = 15.0.28307.421
MinimumVisualStudioVersion = 10.0.40219.1
Project("{FAE04EC0-301F-11D3-BF4B-00C04F79EFBC}") = "OrdersManagement", "OrdersManagement\OrdersManagement.csproj", "{FE3D935F-5A48-47D1-A69A-14A9E90B33C7}"
EndProject
Global
	GlobalSection(SolutionConfigurationPlatforms) = preSolution
		Debug|Any CPU = Debug|Any CPU
		Release|Any CPU = Release|Any CPU
	EndGlobalSection
	GlobalSection(ProjectConfigurationPlatforms) = postSolution
		{FE3D935F-5A48-47D1-A69A-14A9E90B33C7}.Debug|Any CPU.ActiveCfg = Debug|Any CPU
		{FE3D935F-5A48-47D1-A69A-14A9E90B33C7}.Debug|Any CPU.Build.0 = Debug|Any CPU
		{FE3D935F-5A48-47D1-A69A-14A9E90B33C7}.Release|Any CPU.ActiveCfg = Release|Any CPU
		{FE3D935F-5A48-47D1-A69A-14A9E90B33C7}.Release|Any CPU.Build.0 = Release|Any CPU
	EndGlobalSection
	GlobalSection(SolutionProperties) = preSolution
		HideSolutionNode = FALSE
	EndGlobalSection
	GlobalSection(ExtensibilityGlobals) = postSolution
		SolutionGuid = {15BFE651-CC86-4F4D-8166-3F589325D8EC}
	EndGlobalSection
EndGlobal
